// !$*UTF8*$!
{
	archiveVersion = 1;
	classes = {
	};
	objectVersion = 56;
	objects = {

/* Begin PBXBuildFile section */
		0B939BCB29C0566B007D6653 /* AppDelegate.swift in Sources */ = {isa = PBXBuildFile; fileRef = 0B939BCA29C0566B007D6653 /* AppDelegate.swift */; };
		0B939BCD29C0566B007D6653 /* SceneDelegate.swift in Sources */ = {isa = PBXBuildFile; fileRef = 0B939BCC29C0566B007D6653 /* SceneDelegate.swift */; };
		0B939BCF29C0566B007D6653 /* ViewController.swift in Sources */ = {isa = PBXBuildFile; fileRef = 0B939BCE29C0566B007D6653 /* ViewController.swift */; };
		0B939BD229C0566B007D6653 /* Main.storyboard in Resources */ = {isa = PBXBuildFile; fileRef = 0B939BD029C0566B007D6653 /* Main.storyboard */; };
		0B939BD429C0566C007D6653 /* Assets.xcassets in Resources */ = {isa = PBXBuildFile; fileRef = 0B939BD329C0566C007D6653 /* Assets.xcassets */; };
		0B939BD729C0566C007D6653 /* LaunchScreen.storyboard in Resources */ = {isa = PBXBuildFile; fileRef = 0B939BD529C0566C007D6653 /* LaunchScreen.storyboard */; };
		0B939BDF29C058DC007D6653 /* Reachability.swift in Sources */ = {isa = PBXBuildFile; fileRef = 0B939BDE29C058DC007D6653 /* Reachability.swift */; };
		0B939BE129C06385007D6653 /* NetworkMonitor.swift in Sources */ = {isa = PBXBuildFile; fileRef = 0B939BE029C06385007D6653 /* NetworkMonitor.swift */; };
		0BDF6CBB29C1FE60003939DD /* NetworkSecurityChecking.swift in Sources */ = {isa = PBXBuildFile; fileRef = 0BDF6CBA29C1FE60003939DD /* NetworkSecurityChecking.swift */; };
/* End PBXBuildFile section */

/* Begin PBXFileReference section */
		0B939BC729C0566B007D6653 /* WPA_Poc.app */ = {isa = PBXFileReference; explicitFileType = wrapper.application; includeInIndex = 0; path = WPA_Poc.app; sourceTree = BUILT_PRODUCTS_DIR; };
		0B939BCA29C0566B007D6653 /* AppDelegate.swift */ = {isa = PBXFileReference; lastKnownFileType = sourcecode.swift; path = AppDelegate.swift; sourceTree = "<group>"; };
		0B939BCC29C0566B007D6653 /* SceneDelegate.swift */ = {isa = PBXFileReference; lastKnownFileType = sourcecode.swift; path = SceneDelegate.swift; sourceTree = "<group>"; };
		0B939BCE29C0566B007D6653 /* ViewController.swift */ = {isa = PBXFileReference; lastKnownFileType = sourcecode.swift; path = ViewController.swift; sourceTree = "<group>"; };
		0B939BD129C0566B007D6653 /* Base */ = {isa = PBXFileReference; lastKnownFileType = file.storyboard; name = Base; path = Base.lproj/Main.storyboard; sourceTree = "<group>"; };
		0B939BD329C0566C007D6653 /* Assets.xcassets */ = {isa = PBXFileReference; lastKnownFileType = folder.assetcatalog; path = Assets.xcassets; sourceTree = "<group>"; };
		0B939BD629C0566C007D6653 /* Base */ = {isa = PBXFileReference; lastKnownFileType = file.storyboard; name = Base; path = Base.lproj/LaunchScreen.storyboard; sourceTree = "<group>"; };
		0B939BD829C0566C007D6653 /* Info.plist */ = {isa = PBXFileReference; lastKnownFileType = text.plist.xml; path = Info.plist; sourceTree = "<group>"; };
		0B939BDE29C058DC007D6653 /* Reachability.swift */ = {isa = PBXFileReference; lastKnownFileType = sourcecode.swift; path = Reachability.swift; sourceTree = "<group>"; };
		0B939BE029C06385007D6653 /* NetworkMonitor.swift */ = {isa = PBXFileReference; lastKnownFileType = sourcecode.swift; path = NetworkMonitor.swift; sourceTree = "<group>"; };
		0B939BE229C07A41007D6653 /* WPA_Poc.entitlements */ = {isa = PBXFileReference; lastKnownFileType = text.plist.entitlements; path = WPA_Poc.entitlements; sourceTree = "<group>"; };
		0BDF6CBA29C1FE60003939DD /* NetworkSecurityChecking.swift */ = {isa = PBXFileReference; lastKnownFileType = sourcecode.swift; path = NetworkSecurityChecking.swift; sourceTree = "<group>"; };
/* End PBXFileReference section */

/* Begin PBXFrameworksBuildPhase section */
		0B939BC429C0566B007D6653 /* Frameworks */ = {
			isa = PBXFrameworksBuildPhase;
			buildActionMask = 2147483647;
			files = (
			);
			runOnlyForDeploymentPostprocessing = 0;
		};
/* End PBXFrameworksBuildPhase section */

/* Begin PBXGroup section */
		0B939BBE29C0566A007D6653 = {
			isa = PBXGroup;
			children = (
				0B939BC929C0566B007D6653 /* WPA_Poc */,
				0B939BC829C0566B007D6653 /* Products */,
			);
			sourceTree = "<group>";
		};
		0B939BC829C0566B007D6653 /* Products */ = {
			isa = PBXGroup;
			children = (
				0B939BC729C0566B007D6653 /* WPA_Poc.app */,
			);
			name = Products;
			sourceTree = "<group>";
		};
		0B939BC929C0566B007D6653 /* WPA_Poc */ = {
			isa = PBXGroup;
			children = (
				0BDF6CBC29C2FAF4003939DD /* Network */,
				0B939BE229C07A41007D6653 /* WPA_Poc.entitlements */,
				0B939BCA29C0566B007D6653 /* AppDelegate.swift */,
				0B939BCC29C0566B007D6653 /* SceneDelegate.swift */,
				0B939BCE29C0566B007D6653 /* ViewController.swift */,
				0B939BD029C0566B007D6653 /* Main.storyboard */,
				0B939BD329C0566C007D6653 /* Assets.xcassets */,
				0B939BD529C0566C007D6653 /* LaunchScreen.storyboard */,
				0B939BD829C0566C007D6653 /* Info.plist */,
			);
			path = WPA_Poc;
			sourceTree = "<group>";
		};
		0BDF6CBC29C2FAF4003939DD /* Network */ = {
			isa = PBXGroup;
			children = (
				0B939BDE29C058DC007D6653 /* Reachability.swift */,
				0BDF6CBA29C1FE60003939DD /* NetworkSecurityChecking.swift */,
				0B939BE029C06385007D6653 /* NetworkMonitor.swift */,
			);
			path = Network;
			sourceTree = "<group>";
		};
/* End PBXGroup section */

/* Begin PBXNativeTarget section */
		0B939BC629C0566B007D6653 /* WPA_Poc */ = {
			isa = PBXNativeTarget;
			buildConfigurationList = 0B939BDB29C0566C007D6653 /* Build configuration list for PBXNativeTarget "WPA_Poc" */;
			buildPhases = (
				0B939BC329C0566B007D6653 /* Sources */,
				0B939BC429C0566B007D6653 /* Frameworks */,
				0B939BC529C0566B007D6653 /* Resources */,
			);
			buildRules = (
			);
			dependencies = (
			);
			name = WPA_Poc;
			productName = WPA_Poc;
			productReference = 0B939BC729C0566B007D6653 /* WPA_Poc.app */;
			productType = "com.apple.product-type.application";
		};
/* End PBXNativeTarget section */

/* Begin PBXProject section */
		0B939BBF29C0566A007D6653 /* Project object */ = {
			isa = PBXProject;
			attributes = {
				BuildIndependentTargetsInParallel = 1;
				LastSwiftUpdateCheck = 1420;
				LastUpgradeCheck = 1420;
				TargetAttributes = {
					0B939BC629C0566B007D6653 = {
						CreatedOnToolsVersion = 14.2;
					};
				};
			};
			buildConfigurationList = 0B939BC229C0566A007D6653 /* Build configuration list for PBXProject "WPA_Poc" */;
			compatibilityVersion = "Xcode 14.0";
			developmentRegion = en;
			hasScannedForEncodings = 0;
			knownRegions = (
				en,
				Base,
			);
			mainGroup = 0B939BBE29C0566A007D6653;
			productRefGroup = 0B939BC829C0566B007D6653 /* Products */;
			projectDirPath = "";
			projectRoot = "";
			targets = (
				0B939BC629C0566B007D6653 /* WPA_Poc */,
			);
		};
/* End PBXProject section */

/* Begin PBXResourcesBuildPhase section */
		0B939BC529C0566B007D6653 /* Resources */ = {
			isa = PBXResourcesBuildPhase;
			buildActionMask = 2147483647;
			files = (
				0B939BD729C0566C007D6653 /* LaunchScreen.storyboard in Resources */,
				0B939BD429C0566C007D6653 /* Assets.xcassets in Resources */,
				0B939BD229C0566B007D6653 /* Main.storyboard in Resources */,
			);
			runOnlyForDeploymentPostprocessing = 0;
		};
/* End PBXResourcesBuildPhase section */

/* Begin PBXSourcesBuildPhase section */
		0B939BC329C0566B007D6653 /* Sources */ = {
			isa = PBXSourcesBuildPhase;
			buildActionMask = 2147483647;
			files = (
				0B939BCF29C0566B007D6653 /* ViewController.swift in Sources */,
				0B939BCB29C0566B007D6653 /* AppDelegate.swift in Sources */,
				0B939BE129C06385007D6653 /* NetworkMonitor.swift in Sources */,
				0B939BDF29C058DC007D6653 /* Reachability.swift in Sources */,
				0BDF6CBB29C1FE60003939DD /* NetworkSecurityChecking.swift in Sources */,
				0B939BCD29C0566B007D6653 /* SceneDelegate.swift in Sources */,
			);
			runOnlyForDeploymentPostprocessing = 0;
		};
/* End PBXSourcesBuildPhase section */

/* Begin PBXVariantGroup section */
		0B939BD029C0566B007D6653 /* Main.storyboard */ = {
			isa = PBXVariantGroup;
			children = (
				0B939BD129C0566B007D6653 /* Base */,
			);
			name = Main.storyboard;
			sourceTree = "<group>";
		};
		0B939BD529C0566C007D6653 /* LaunchScreen.storyboard */ = {
			isa = PBXVariantGroup;
			children = (
				0B939BD629C0566C007D6653 /* Base */,
			);
			name = LaunchScreen.storyboard;
			sourceTree = "<group>";
		};
/* End PBXVariantGroup section */

/* Begin XCBuildConfiguration section */
		0B939BD929C0566C007D6653 /* Debug */ = {
			isa = XCBuildConfiguration;
			buildSettings = {
				ALWAYS_SEARCH_USER_PATHS = NO;
				CLANG_ANALYZER_NONNULL = YES;
				CLANG_ANALYZER_NUMBER_OBJECT_CONVERSION = YES_AGGRESSIVE;
				CLANG_CXX_LANGUAGE_STANDARD = "gnu++20";
				CLANG_ENABLE_MODULES = YES;
				CLANG_ENABLE_OBJC_ARC = YES;
				CLANG_ENABLE_OBJC_WEAK = YES;
				CLANG_WARN_BLOCK_CAPTURE_AUTORELEASING = YES;
				CLANG_WARN_BOOL_CONVERSION = YES;
				CLANG_WARN_COMMA = YES;
				CLANG_WARN_CONSTANT_CONVERSION = YES;
				CLANG_WARN_DEPRECATED_OBJC_IMPLEMENTATIONS = YES;
				CLANG_WARN_DIRECT_OBJC_ISA_USAGE = YES_ERROR;
				CLANG_WARN_DOCUMENTATION_COMMENTS = YES;
				CLANG_WARN_EMPTY_BODY = YES;
				CLANG_WARN_ENUM_CONVERSION = YES;
				CLANG_WARN_INFINITE_RECURSION = YES;
				CLANG_WARN_INT_CONVERSION = YES;
				CLANG_WARN_NON_LITERAL_NULL_CONVERSION = YES;
				CLANG_WARN_OBJC_IMPLICIT_RETAIN_SELF = YES;
				CLANG_WARN_OBJC_LITERAL_CONVERSION = YES;
				CLANG_WARN_OBJC_ROOT_CLASS = YES_ERROR;
				CLANG_WARN_QUOTED_INCLUDE_IN_FRAMEWORK_HEADER = YES;
				CLANG_WARN_RANGE_LOOP_ANALYSIS = YES;
				CLANG_WARN_STRICT_PROTOTYPES = YES;
				CLANG_WARN_SUSPICIOUS_MOVE = YES;
				CLANG_WARN_UNGUARDED_AVAILABILITY = YES_AGGRESSIVE;
				CLANG_WARN_UNREACHABLE_CODE = YES;
				CLANG_WARN__DUPLICATE_METHOD_MATCH = YES;
				COPY_PHASE_STRIP = NO;
				DEBUG_INFORMATION_FORMAT = dwarf;
				ENABLE_STRICT_OBJC_MSGSEND = YES;
				ENABLE_TESTABILITY = YES;
				GCC_C_LANGUAGE_STANDARD = gnu11;
				GCC_DYNAMIC_NO_PIC = NO;
				GCC_NO_COMMON_BLOCKS = YES;
				GCC_OPTIMIZATION_LEVEL = 0;
				GCC_PREPROCESSOR_DEFINITIONS = (
					"DEBUG=1",
					"$(inherited)",
				);
				GCC_WARN_64_TO_32_BIT_CONVERSION = YES;
				GCC_WARN_ABOUT_RETURN_TYPE = YES_ERROR;
				GCC_WARN_UNDECLARED_SELECTOR = YES;
				GCC_WARN_UNINITIALIZED_AUTOS = YES_AGGRESSIVE;
				GCC_WARN_UNUSED_FUNCTION = YES;
				GCC_WARN_UNUSED_VARIABLE = YES;
				IPHONEOS_DEPLOYMENT_TARGET = 16.2;
				MTL_ENABLE_DEBUG_INFO = INCLUDE_SOURCE;
				MTL_FAST_MATH = YES;
				ONLY_ACTIVE_ARCH = YES;
				SDKROOT = iphoneos;
				SWIFT_ACTIVE_COMPILATION_CONDITIONS = DEBUG;
				SWIFT_OPTIMIZATION_LEVEL = "-Onone";
			};
			name = Debug;
		};
		0B939BDA29C0566C007D6653 /* Release */ = {
			isa = XCBuildConfiguration;
			buildSettings = {
				ALWAYS_SEARCH_USER_PATHS = NO;
				CLANG_ANALYZER_NONNULL = YES;
				CLANG_ANALYZER_NUMBER_OBJECT_CONVERSION = YES_AGGRESSIVE;
				CLANG_CXX_LANGUAGE_STANDARD = "gnu++20";
				CLANG_ENABLE_MODULES = YES;
				CLANG_ENABLE_OBJC_ARC = YES;
				CLANG_ENABLE_OBJC_WEAK = YES;
				CLANG_WARN_BLOCK_CAPTURE_AUTORELEASING = YES;
				CLANG_WARN_BOOL_CONVERSION = YES;
				CLANG_WARN_COMMA = YES;
				CLANG_WARN_CONSTANT_CONVERSION = YES;
				CLANG_WARN_DEPRECATED_OBJC_IMPLEMENTATIONS = YES;
				CLANG_WARN_DIRECT_OBJC_ISA_USAGE = YES_ERROR;
				CLANG_WARN_DOCUMENTATION_COMMENTS = YES;
				CLANG_WARN_EMPTY_BODY = YES;
				CLANG_WARN_ENUM_CONVERSION = YES;
				CLANG_WARN_INFINITE_RECURSION = YES;
				CLANG_WARN_INT_CONVERSION = YES;
				CLANG_WARN_NON_LITERAL_NULL_CONVERSION = YES;
				CLANG_WARN_OBJC_IMPLICIT_RETAIN_SELF = YES;
				CLANG_WARN_OBJC_LITERAL_CONVERSION = YES;
				CLANG_WARN_OBJC_ROOT_CLASS = YES_ERROR;
				CLANG_WARN_QUOTED_INCLUDE_IN_FRAMEWORK_HEADER = YES;
				CLANG_WARN_RANGE_LOOP_ANALYSIS = YES;
				CLANG_WARN_STRICT_PROTOTYPES = YES;
				CLANG_WARN_SUSPICIOUS_MOVE = YES;
				CLANG_WARN_UNGUARDED_AVAILABILITY = YES_AGGRESSIVE;
				CLANG_WARN_UNREACHABLE_CODE = YES;
				CLANG_WARN__DUPLICATE_METHOD_MATCH = YES;
				COPY_PHASE_STRIP = NO;
				DEBUG_INFORMATION_FORMAT = "dwarf-with-dsym";
				ENABLE_NS_ASSERTIONS = NO;
				ENABLE_STRICT_OBJC_MSGSEND = YES;
				GCC_C_LANGUAGE_STANDARD = gnu11;
				GCC_NO_COMMON_BLOCKS = YES;
				GCC_WARN_64_TO_32_BIT_CONVERSION = YES;
				GCC_WARN_ABOUT_RETURN_TYPE = YES_ERROR;
				GCC_WARN_UNDECLARED_SELECTOR = YES;
				GCC_WARN_UNINITIALIZED_AUTOS = YES_AGGRESSIVE;
				GCC_WARN_UNUSED_FUNCTION = YES;
				GCC_WARN_UNUSED_VARIABLE = YES;
				IPHONEOS_DEPLOYMENT_TARGET = 16.2;
				MTL_ENABLE_DEBUG_INFO = NO;
				MTL_FAST_MATH = YES;
				SDKROOT = iphoneos;
				SWIFT_COMPILATION_MODE = wholemodule;
				SWIFT_OPTIMIZATION_LEVEL = "-O";
				VALIDATE_PRODUCT = YES;
			};
			name = Release;
		};
		0B939BDC29C0566C007D6653 /* Debug */ = {
			isa = XCBuildConfiguration;
			buildSettings = {
				ASSETCATALOG_COMPILER_APPICON_NAME = AppIcon;
				ASSETCATALOG_COMPILER_GLOBAL_ACCENT_COLOR_NAME = AccentColor;
				CODE_SIGN_ENTITLEMENTS = WPA_Poc/WPA_Poc.entitlements;
				CODE_SIGN_STYLE = Automatic;
				CURRENT_PROJECT_VERSION = 1;
				DEVELOPMENT_TEAM = 3QCVS5M6Q4;
				GENERATE_INFOPLIST_FILE = YES;
				INFOPLIST_FILE = WPA_Poc/Info.plist;
				INFOPLIST_KEY_UIApplicationSupportsIndirectInputEvents = YES;
				INFOPLIST_KEY_UILaunchStoryboardName = LaunchScreen;
				INFOPLIST_KEY_UIMainStoryboardFile = Main;
				INFOPLIST_KEY_UISupportedInterfaceOrientations_iPad = "UIInterfaceOrientationPortrait UIInterfaceOrientationPortraitUpsideDown UIInterfaceOrientationLandscapeLeft UIInterfaceOrientationLandscapeRight";
				INFOPLIST_KEY_UISupportedInterfaceOrientations_iPhone = "UIInterfaceOrientationPortrait UIInterfaceOrientationLandscapeLeft UIInterfaceOrientationLandscapeRight";
				IPHONEOS_DEPLOYMENT_TARGET = 15.0;
				LD_RUNPATH_SEARCH_PATHS = (
					"$(inherited)",
					"@executable_path/Frameworks",
				);
				MARKETING_VERSION = 1.0;
				PRODUCT_BUNDLE_IDENTIFIER = com.arc.facilities;
				PRODUCT_NAME = "$(TARGET_NAME)";
				SWIFT_EMIT_LOC_STRINGS = YES;
				SWIFT_VERSION = 5.0;
				TARGETED_DEVICE_FAMILY = "1,2";
			};
			name = Debug;
		};
		0B939BDD29C0566C007D6653 /* Release */ = {
			isa = XCBuildConfiguration;
			buildSettings = {
				ASSETCATALOG_COMPILER_APPICON_NAME = AppIcon;
				ASSETCATALOG_COMPILER_GLOBAL_ACCENT_COLOR_NAME = AccentColor;
				CODE_SIGN_ENTITLEMENTS = WPA_Poc/WPA_Poc.entitlements;
				CODE_SIGN_STYLE = Automatic;
				CURRENT_PROJECT_VERSION = 1;
				DEVELOPMENT_TEAM = 3QCVS5M6Q4;
				GENERATE_INFOPLIST_FILE = YES;
				INFOPLIST_FILE = WPA_Poc/Info.plist;
				INFOPLIST_KEY_UIApplicationSupportsIndirectInputEvents = YES;
				INFOPLIST_KEY_UILaunchStoryboardName = LaunchScreen;
				INFOPLIST_KEY_UIMainStoryboardFile = Main;
				INFOPLIST_KEY_UISupportedInterfaceOrientations_iPad = "UIInterfaceOrientationPortrait UIInterfaceOrientationPortraitUpsideDown UIInterfaceOrientationLandscapeLeft UIInterfaceOrientationLandscapeRight";
				INFOPLIST_KEY_UISupportedInterfaceOrientations_iPhone = "UIInterfaceOrientationPortrait UIInterfaceOrientationLandscapeLeft UIInterfaceOrientationLandscapeRight";
				IPHONEOS_DEPLOYMENT_TARGET = 15.0;
				LD_RUNPATH_SEARCH_PATHS = (
					"$(inherited)",
					"@executable_path/Frameworks",
				);
				MARKETING_VERSION = 1.0;
				PRODUCT_BUNDLE_IDENTIFIER = com.arc.facilities;
				PRODUCT_NAME = "$(TARGET_NAME)";
				SWIFT_EMIT_LOC_STRINGS = YES;
				SWIFT_VERSION = 5.0;
				TARGETED_DEVICE_FAMILY = "1,2";
			};
			name = Release;
		};
/* End XCBuildConfiguration section */

/* Begin XCConfigurationList section */
		0B939BC229C0566A007D6653 /* Build configuration list for PBXProject "WPA_Poc" */ = {
			isa = XCConfigurationList;
			buildConfigurations = (
				0B939BD929C0566C007D6653 /* Debug */,
				0B939BDA29C0566C007D6653 /* Release */,
			);
			defaultConfigurationIsVisible = 0;
			defaultConfigurationName = Release;
		};
		0B939BDB29C0566C007D6653 /* Build configuration list for PBXNativeTarget "WPA_Poc" */ = {
			isa = XCConfigurationList;
			buildConfigurations = (
				0B939BDC29C0566C007D6653 /* Debug */,
				0B939BDD29C0566C007D6653 /* Release */,
			);
			defaultConfigurationIsVisible = 0;
			defaultConfigurationName = Release;
		};
/* End XCConfigurationList section */
	};
	rootObject = 0B939BBF29C0566A007D6653 /* Project object */;
}
